
Microsoft Visual Studio Solution File, Format Version 12.00
# Visual Studio Version 17
VisualStudioVersion = 17.0.32126.317
MinimumVisualStudioVersion = 10.0.40219.1
Project("{9A19103F-16F7-4668-BE54-9A1E7A4F7556}") = "Pastelaria do Zé", "Pastelaria do Zé.csproj", "{D68D9E17-2263-436A-8169-44850BBE7A7D}"
EndProject
Project("{FAE04EC0-301F-11D3-BF4B-00C04F79EFBC}") = "ProjetoPastelariaDoZe_2022.DAO", "..\ProjetoPastelariaDoZe_2022.DAO\ProjetoPastelariaDoZe_2022.DAO.csproj", "{EBBECEEC-B3BC-4CAF-B969-6DF39861F6FC}"
EndProject
Global
	GlobalSection(SolutionConfigurationPlatforms) = preSolution
		Debug|Any CPU = Debug|Any CPU
		Release|Any CPU = Release|Any CPU
	EndGlobalSection
	GlobalSection(ProjectConfigurationPlatforms) = postSolution
		{D68D9E17-2263-436A-8169-44850BBE7A7D}.Debug|Any CPU.ActiveCfg = Debug|Any CPU
		{D68D9E17-2263-436A-8169-44850BBE7A7D}.Debug|Any CPU.Build.0 = Debug|Any CPU
		{D68D9E17-2263-436A-8169-44850BBE7A7D}.Release|Any CPU.ActiveCfg = Release|Any CPU
		{D68D9E17-2263-436A-8169-44850BBE7A7D}.Release|Any CPU.Build.0 = Release|Any CPU
		{EBBECEEC-B3BC-4CAF-B969-6DF39861F6FC}.Debug|Any CPU.ActiveCfg = Debug|Any CPU
		{EBBECEEC-B3BC-4CAF-B969-6DF39861F6FC}.Debug|Any CPU.Build.0 = Debug|Any CPU
		{EBBECEEC-B3BC-4CAF-B969-6DF39861F6FC}.Release|Any CPU.ActiveCfg = Release|Any CPU
		{EBBECEEC-B3BC-4CAF-B969-6DF39861F6FC}.Release|Any CPU.Build.0 = Release|Any CPU
	EndGlobalSection
	GlobalSection(SolutionProperties) = preSolution
		HideSolutionNode = FALSE
	EndGlobalSection
	GlobalSection(ExtensibilityGlobals) = postSolution
		SolutionGuid = {F88E0A0D-A23C-4FD6-99AA-1BEEFB73783A}
	EndGlobalSection
EndGlobal
